github.com/BurntSushi/toml v0.3.1/go.mod h1:xHWCNGjB5oqiDr8zfno3MHue2Ht5sIBksp03qcyfWMU=
github.com/Masterminds/semver/v3 v3.1.1 h1:hLg3sBzpNErnxhQtUy/mmLR2I9foDujNK030IGemrRc=
github.com/Masterminds/semver/v3 v3.1.1/go.mod h1:VPu/7SZ7ePZ3QOrcuXROw5FAcLl4a0cBrbBpGY/8hQs=
github.com/a-h/awsapigatewayv2handler v0.0.0-20211216190926-3fdc39b7dd3c h1:/toWg+baYIV2O2C0cvS/0FnWZVN/BT/OEttOKMOTcrE=
github.com/a-h/awsapigatewayv2handler v0.0.0-20211216190926-3fdc39b7dd3c/go.mod h1:AEl2QgRNtDvkYB2kZWR0bnmDmVwt+2JnhmyzV3oShJo=
github.com/aws/aws-cdk-go/awscdk/v2 v2.2.0 h1:jlg7O9AgkIl3hALNy/vXkTC8KfnJ5V7WCFdrAFr9NpE=
github.com/aws/aws-cdk-go/awscdk/v2 v2.2.0/go.mod h1:HBrUWuxQB3EBqdLT2pD+5YrVHOf0UkE6g0uQqIfKlW0=
github.com/aws/aws-cdk-go/awscdkapigatewayv2alpha/v2 v2.2.0-alpha.0 h1:Z1nVN7mG+U82YNUOCGTZVY9W7sVe4KQtdjHcaarUIDo=
github.com/aws/aws-cdk-go/awscdkapigatewayv2alpha/v2 v2.2.0-alpha.0/go.mod h1:dL0YJFsVCzoCZYVRRTishBl+yKOdnRzXEYwaTk2Xle0=
github.com/aws/aws-cdk-go/awscdkapigatewayv2integrationsalpha/v2 v2.2.0-alpha.0 h1:Lo9B+WsfNmYrq1TotFilsZD99y7CHG5Dpmg08ZBzZlw=
github.com/aws/aws-cdk-go/awscdkapigatewayv2integrationsalpha/v2 v2.2.0-alpha.0/go.mod h1:vsVX+k2kALctlvHvJ1LQrkBpTOxUqJk1RbuCd6Uh4cI=
github.com/aws/aws-cdk-go/awscdklambdagoalpha/v2 v2.2.0-alpha.0 h1:zC2ZY3pfhkTZRXEtk4eQTXGEUKSTEnHwZWCMCY/4LFE=
github.com/aws/aws-cdk-go/awscdklambdagoalpha/v2 v2.2.0-alpha.0/go.mod h1:tIbEI/OGYrDAIoD0bfD95+cxWb5fetShDGYQyagHSjY=
github.com/aws/aws-lambda-go v1.27.0 h1:aLzrJwdyHoF1A18YeVdJjX8Ixkd+bpogdxVInvHcWjM=
github.com/aws/aws-lambda-go v1.27.0/go.mod h1:jJmlefzPfGnckuHdXX7/80O3BvUUi12XOkbv4w9SGLU=
github.com/aws/constructs-go/constructs/v10 v10.0.9 h1:YGk+deTAD3rgyANybjOtaoVrjC7HZZtALeC872avWFQ=
github.com/aws/constructs-go/constructs/v10 v10.0.9/go.mod h1:RC6w8bOwxLmPX7Jfo9dkEZ9iVfgH4QnaVnfWvaNOHy0=
github.com/aws/jsii-runtime-go v1.37.0/go.mod h1:6tZnlstx8bAB3vnLFF9n8bbkI//LDblAek9zFyMXV3E=
github.com/aws/jsii-runtime-go v1.47.0/go.mod h1:6tZnlstx8bAB3vnLFF9n8bbkI//LDblAek9zFyMXV3E=
github.com/aws/jsii-runtime-go v1.49.0 h1:CNrxS06oDx/1nSSb84J9YubXWv2P8PsG5jLp4aq3Y94=
github.com/aws/jsii-runtime-go v1.49.0/go.mod h1:6tZnlstx8bAB3vnLFF9n8bbkI//LDblAek9zFyMXV3E=
github.com/cpuguy83/go-md2man/v2 v2.0.0-20190314233015-f79a8a8ca69d/go.mod h1:maD7wRr/U5Z6m/iR4s+kqSMx2CaBsrgA7czyZG/E6dU=
github.com/cpuguy83/go-md2man/v2 v2.0.0/go.mod h1:maD7wRr/U5Z6m/iR4s+kqSMx2CaBsrgA7czyZG/E6dU=
github.com/davecgh/go-spew v1.1.0/go.mod h1:J7Y8YcW2NihsgmVo/mv3lAwl/skON4iLHjSsI+c5H38=
github.com/davecgh/go-spew v1.1.1 h1:vj9j/u1bqnvCEfJOwUhtlOARqs3+rkHYY13jYWTU97c=
github.com/davecgh/go-spew v1.1.1/go.mod h1:J7Y8YcW2NihsgmVo/mv3lAwl/skON4iLHjSsI+c5H38=
github.com/google/go-cmp v0.5.6 h1:BKbKCqvP6I+rmFHt06ZmyQtvB8xAkWdhFyr0ZUNZcxQ=
github.com/google/go-cmp v0.5.6/go.mod h1:v8dTdLbMG2kIc/vJvl+f65V22dbkXbowE6jgT/gNBxE=
github.com/pmezard/go-difflib v1.0.0 h1:4DBwDE0NGyQoBHbLQYPwSUPoCMWR5BEzIk/f1lZbAQM=
github.com/pmezard/go-difflib v1.0.0/go.mod h1:iKH77koFhYxTK1pcRnkKkqfTogsbg7gZNVY4sRDYZ/4=
github.com/russross/blackfriday/v2 v2.0.1/go.mod h1:+Rmxgy9KzJVeS9/2gXHxylqXiyQDYRxCVz55jmeOWTM=
github.com/shurcooL/sanitized_anchor_name v1.0.0/go.mod h1:1NzhyTcUVG4SuEtjjoZeVRXNmyL/1OwPU0+IJeTBvfc=
github.com/stretchr/objx v0.1.0/go.mod h1:HFkY916IF+rwdDfMAkV7OtwuqBVzrE8GR6GFx+wExME=
github.com/stretchr/testify v1.6.1/go.mod h1:6Fq8oRcR53rry900zMqJjRRixrwX3KX962/h/Wwjteg=
github.com/stretchr/testify v1.7.0 h1:nwc3DEeHmmLAfoZucVR881uASk0Mfjw8xYJ99tb5CcY=
github.com/stretchr/testify v1.7.0/go.mod h1:6Fq8oRcR53rry900zMqJjRRixrwX3KX962/h/Wwjteg=
github.com/urfave/cli/v2 v2.2.0/go.mod h1:SE9GqnLQmjVa0iPEY0f1w3ygNIYcIJ0OKPMoW2caLfQ=
golang.org/x/xerrors v0.0.0-20191204190536-9bdfabe68543/go.mod h1:I/5z698sn9Ka8TeJc9MKroUUfqBBauWjQqLJ2OPfmY0=
gopkg.in/check.v1 v0.0.0-20161208181325-20d25e280405/go.mod h1:Co6ibVJAznAaIkqp8huTwlJQCZ016jof/cbN4VW5Yz0=
gopkg.in/yaml.v2 v2.2.2/go.mod h1:hI93XBmqTisBFMUTm0b8Fm+jr3Dg1NNxqwp+5A1VGuI=
gopkg.in/yaml.v3 v3.0.0-20200313102051-9f266ea9e77c/go.mod h1:K4uyk7z7BCEPqu6E+C64Yfv1cQ7kz7rIZviUmN+EgEM=
gopkg.in/yaml.v3 v3.0.0-20200615113413-eeeca48fe776 h1:tQIYjPdBoyREyB9XMu+nnTclpTYkz2zFM+lzLJFO4gQ=
gopkg.in/yaml.v3 v3.0.0-20200615113413-eeeca48fe776/go.mod h1:K4uyk7z7BCEPqu6E+C64Yfv1cQ7kz7rIZviUmN+EgEM=
